
Microsoft Visual Studio Solution File, Format Version 12.00
Project("{FAE04EC0-301F-11D3-BF4B-00C04F79EFBC}") = "FakeBank.Api", "FakeBank.Api\FakeBank.Api.csproj", "{470142FD-2E89-48C6-BFC2-6A90B9D2729E}"
EndProject
Project("{FAE04EC0-301F-11D3-BF4B-00C04F79EFBC}") = "FakeBank.Domain", "FakeBank.Domain\FakeBank.Domain.csproj", "{82F67AA6-ABDF-4719-A076-7750B2E67098}"
EndProject
Project("{FAE04EC0-301F-11D3-BF4B-00C04F79EFBC}") = "FakeBank.Persistence.EventStore", "FakeBank.Persistence.EventStore\FakeBank.Persistence.EventStore.csproj", "{5B5CB11B-ED2F-4069-A973-829536BB5A5C}"
EndProject
Project("{FAE04EC0-301F-11D3-BF4B-00C04F79EFBC}") = "FakeBank.Application", "FakeBank.Application\FakeBank.Application.csproj", "{4704A039-6887-483B-8D08-DB330E469EBD}"
EndProject
Global
	GlobalSection(SolutionConfigurationPlatforms) = preSolution
		Debug|Any CPU = Debug|Any CPU
		Release|Any CPU = Release|Any CPU
	EndGlobalSection
	GlobalSection(ProjectConfigurationPlatforms) = postSolution
		{470142FD-2E89-48C6-BFC2-6A90B9D2729E}.Debug|Any CPU.ActiveCfg = Debug|Any CPU
		{470142FD-2E89-48C6-BFC2-6A90B9D2729E}.Debug|Any CPU.Build.0 = Debug|Any CPU
		{470142FD-2E89-48C6-BFC2-6A90B9D2729E}.Release|Any CPU.ActiveCfg = Release|Any CPU
		{470142FD-2E89-48C6-BFC2-6A90B9D2729E}.Release|Any CPU.Build.0 = Release|Any CPU
		{82F67AA6-ABDF-4719-A076-7750B2E67098}.Debug|Any CPU.ActiveCfg = Debug|Any CPU
		{82F67AA6-ABDF-4719-A076-7750B2E67098}.Debug|Any CPU.Build.0 = Debug|Any CPU
		{82F67AA6-ABDF-4719-A076-7750B2E67098}.Release|Any CPU.ActiveCfg = Release|Any CPU
		{82F67AA6-ABDF-4719-A076-7750B2E67098}.Release|Any CPU.Build.0 = Release|Any CPU
		{5B5CB11B-ED2F-4069-A973-829536BB5A5C}.Debug|Any CPU.ActiveCfg = Debug|Any CPU
		{5B5CB11B-ED2F-4069-A973-829536BB5A5C}.Debug|Any CPU.Build.0 = Debug|Any CPU
		{5B5CB11B-ED2F-4069-A973-829536BB5A5C}.Release|Any CPU.ActiveCfg = Release|Any CPU
		{5B5CB11B-ED2F-4069-A973-829536BB5A5C}.Release|Any CPU.Build.0 = Release|Any CPU
		{4704A039-6887-483B-8D08-DB330E469EBD}.Debug|Any CPU.ActiveCfg = Debug|Any CPU
		{4704A039-6887-483B-8D08-DB330E469EBD}.Debug|Any CPU.Build.0 = Debug|Any CPU
		{4704A039-6887-483B-8D08-DB330E469EBD}.Release|Any CPU.ActiveCfg = Release|Any CPU
		{4704A039-6887-483B-8D08-DB330E469EBD}.Release|Any CPU.Build.0 = Release|Any CPU
	EndGlobalSection
EndGlobal
